
Microsoft Visual Studio Solution File, Format Version 12.00
# Visual Studio Version 17
VisualStudioVersion = 17.5.002.0
MinimumVisualStudioVersion = 10.0.40219.1
Project("{9A19103F-16F7-4668-BE54-9A1E7A4F7556}") = "formel1API", "formel1API.csproj", "{F4942756-E872-4CB4-95FF-A9E4DA46C6F9}"
EndProject
Global
	GlobalSection(SolutionConfigurationPlatforms) = preSolution
		Debug|Any CPU = Debug|Any CPU
		Release|Any CPU = Release|Any CPU
	EndGlobalSection
	GlobalSection(ProjectConfigurationPlatforms) = postSolution
		{F4942756-E872-4CB4-95FF-A9E4DA46C6F9}.Debug|Any CPU.ActiveCfg = Debug|Any CPU
		{F4942756-E872-4CB4-95FF-A9E4DA46C6F9}.Debug|Any CPU.Build.0 = Debug|Any CPU
		{F4942756-E872-4CB4-95FF-A9E4DA46C6F9}.Release|Any CPU.ActiveCfg = Release|Any CPU
		{F4942756-E872-4CB4-95FF-A9E4DA46C6F9}.Release|Any CPU.Build.0 = Release|Any CPU
	EndGlobalSection
	GlobalSection(SolutionProperties) = preSolution
		HideSolutionNode = FALSE
	EndGlobalSection
	GlobalSection(ExtensibilityGlobals) = postSolution
		SolutionGuid = {EE1F4A6C-E04E-4A98-99DB-C715D641C573}
	EndGlobalSection
EndGlobal
